
Microsoft Visual Studio Solution File, Format Version 12.00
# Visual Studio Version 17
VisualStudioVersion = 17.4.33213.308
MinimumVisualStudioVersion = 10.0.40219.1
Project("{FAE04EC0-301F-11D3-BF4B-00C04F79EFBC}") = "Main", "Main\Main.csproj", "{9859344E-C53C-4280-B0E1-484276F92646}"
EndProject
Project("{FAE04EC0-301F-11D3-BF4B-00C04F79EFBC}") = "Patcher", "Patcher\Patcher.csproj", "{53B2F59A-E681-4C28-BCDA-BCD6FE980C73}"
EndProject
Project("{FAE04EC0-301F-11D3-BF4B-00C04F79EFBC}") = "Updater", "Updater\Updater.csproj", "{E9DDC25F-C779-421E-91C2-EC9C56EC6DEE}"
EndProject
Global
	GlobalSection(SolutionConfigurationPlatforms) = preSolution
		Debug|Any CPU = Debug|Any CPU
		Release|Any CPU = Release|Any CPU
	EndGlobalSection
	GlobalSection(ProjectConfigurationPlatforms) = postSolution
		{9859344E-C53C-4280-B0E1-484276F92646}.Debug|Any CPU.ActiveCfg = Debug|Any CPU
		{9859344E-C53C-4280-B0E1-484276F92646}.Debug|Any CPU.Build.0 = Debug|Any CPU
		{9859344E-C53C-4280-B0E1-484276F92646}.Release|Any CPU.ActiveCfg = Release|Any CPU
		{9859344E-C53C-4280-B0E1-484276F92646}.Release|Any CPU.Build.0 = Release|Any CPU
		{53B2F59A-E681-4C28-BCDA-BCD6FE980C73}.Debug|Any CPU.ActiveCfg = Debug|Any CPU
		{53B2F59A-E681-4C28-BCDA-BCD6FE980C73}.Debug|Any CPU.Build.0 = Debug|Any CPU
		{53B2F59A-E681-4C28-BCDA-BCD6FE980C73}.Release|Any CPU.ActiveCfg = Release|Any CPU
		{53B2F59A-E681-4C28-BCDA-BCD6FE980C73}.Release|Any CPU.Build.0 = Release|Any CPU
		{E9DDC25F-C779-421E-91C2-EC9C56EC6DEE}.Debug|Any CPU.ActiveCfg = Debug|Any CPU
		{E9DDC25F-C779-421E-91C2-EC9C56EC6DEE}.Debug|Any CPU.Build.0 = Debug|Any CPU
		{E9DDC25F-C779-421E-91C2-EC9C56EC6DEE}.Release|Any CPU.ActiveCfg = Release|Any CPU
		{E9DDC25F-C779-421E-91C2-EC9C56EC6DEE}.Release|Any CPU.Build.0 = Release|Any CPU
	EndGlobalSection
	GlobalSection(SolutionProperties) = preSolution
		HideSolutionNode = FALSE
	EndGlobalSection
	GlobalSection(ExtensibilityGlobals) = postSolution
		SolutionGuid = {EFAB8A44-A9B9-4763-B88D-5758F1E0EE3B}
	EndGlobalSection
EndGlobal
