
Microsoft Visual Studio Solution File, Format Version 12.00
# Visual Studio Version 17
VisualStudioVersion = 17.4.33213.308
MinimumVisualStudioVersion = 10.0.40219.1
Project("{FAE04EC0-301F-11D3-BF4B-00C04F79EFBC}") = "Main", "Main\Main.csproj", "{0B7EDEE4-411F-4DE3-8004-01AABA2C9C68}"
EndProject
Global
	GlobalSection(SolutionConfigurationPlatforms) = preSolution
		Debug|Any CPU = Debug|Any CPU
		Release|Any CPU = Release|Any CPU
	EndGlobalSection
	GlobalSection(ProjectConfigurationPlatforms) = postSolution
		{0B7EDEE4-411F-4DE3-8004-01AABA2C9C68}.Debug|Any CPU.ActiveCfg = Debug|Any CPU
		{0B7EDEE4-411F-4DE3-8004-01AABA2C9C68}.Debug|Any CPU.Build.0 = Debug|Any CPU
		{0B7EDEE4-411F-4DE3-8004-01AABA2C9C68}.Release|Any CPU.ActiveCfg = Release|Any CPU
		{0B7EDEE4-411F-4DE3-8004-01AABA2C9C68}.Release|Any CPU.Build.0 = Release|Any CPU
	EndGlobalSection
	GlobalSection(SolutionProperties) = preSolution
		HideSolutionNode = FALSE
	EndGlobalSection
	GlobalSection(ExtensibilityGlobals) = postSolution
		SolutionGuid = {AFF2EF85-3C18-4E5A-8CEA-5F18ECAC1133}
	EndGlobalSection
EndGlobal
