
Microsoft Visual Studio Solution File, Format Version 12.00
# Visual Studio Version 17
VisualStudioVersion = 17.5.33502.453
MinimumVisualStudioVersion = 10.0.40219.1
Project("{FAE04EC0-301F-11D3-BF4B-00C04F79EFBC}") = "Main", "Main\Main.csproj", "{A46BBC36-039C-47AA-96E8-32D4CFE8F12D}"
EndProject
Project("{FAE04EC0-301F-11D3-BF4B-00C04F79EFBC}") = "Patcher", "Patcher\Patcher.csproj", "{10759E8E-4C6B-4A4E-96A2-10B5F3350BC4}"
EndProject
Project("{FAE04EC0-301F-11D3-BF4B-00C04F79EFBC}") = "Updater", "Updater\Updater.csproj", "{C6451536-7C5D-4FA4-9BF8-563F587DC504}"
EndProject
Project("{FAE04EC0-301F-11D3-BF4B-00C04F79EFBC}") = "ChecksumGenerator", "ChecksumGenerator\ChecksumGenerator.csproj", "{F8F67F6D-3DF6-4FB4-9874-5FFAD80C5E58}"
EndProject
Global
	GlobalSection(SolutionConfigurationPlatforms) = preSolution
		Debug|Any CPU = Debug|Any CPU
		Release|Any CPU = Release|Any CPU
	EndGlobalSection
	GlobalSection(ProjectConfigurationPlatforms) = postSolution
		{A46BBC36-039C-47AA-96E8-32D4CFE8F12D}.Debug|Any CPU.ActiveCfg = Debug|Any CPU
		{A46BBC36-039C-47AA-96E8-32D4CFE8F12D}.Debug|Any CPU.Build.0 = Debug|Any CPU
		{A46BBC36-039C-47AA-96E8-32D4CFE8F12D}.Release|Any CPU.ActiveCfg = Release|Any CPU
		{A46BBC36-039C-47AA-96E8-32D4CFE8F12D}.Release|Any CPU.Build.0 = Release|Any CPU
		{10759E8E-4C6B-4A4E-96A2-10B5F3350BC4}.Debug|Any CPU.ActiveCfg = Debug|Any CPU
		{10759E8E-4C6B-4A4E-96A2-10B5F3350BC4}.Debug|Any CPU.Build.0 = Debug|Any CPU
		{10759E8E-4C6B-4A4E-96A2-10B5F3350BC4}.Release|Any CPU.ActiveCfg = Release|Any CPU
		{10759E8E-4C6B-4A4E-96A2-10B5F3350BC4}.Release|Any CPU.Build.0 = Release|Any CPU
		{C6451536-7C5D-4FA4-9BF8-563F587DC504}.Debug|Any CPU.ActiveCfg = Debug|Any CPU
		{C6451536-7C5D-4FA4-9BF8-563F587DC504}.Debug|Any CPU.Build.0 = Debug|Any CPU
		{C6451536-7C5D-4FA4-9BF8-563F587DC504}.Release|Any CPU.ActiveCfg = Release|Any CPU
		{C6451536-7C5D-4FA4-9BF8-563F587DC504}.Release|Any CPU.Build.0 = Release|Any CPU
		{F8F67F6D-3DF6-4FB4-9874-5FFAD80C5E58}.Debug|Any CPU.ActiveCfg = Debug|Any CPU
		{F8F67F6D-3DF6-4FB4-9874-5FFAD80C5E58}.Debug|Any CPU.Build.0 = Debug|Any CPU
		{F8F67F6D-3DF6-4FB4-9874-5FFAD80C5E58}.Release|Any CPU.ActiveCfg = Release|Any CPU
		{F8F67F6D-3DF6-4FB4-9874-5FFAD80C5E58}.Release|Any CPU.Build.0 = Release|Any CPU
	EndGlobalSection
	GlobalSection(SolutionProperties) = preSolution
		HideSolutionNode = FALSE
	EndGlobalSection
	GlobalSection(ExtensibilityGlobals) = postSolution
		SolutionGuid = {58B0EC5E-47C8-441B-A681-F7497D6521EC}
	EndGlobalSection
EndGlobal
